{"filter":false,"title":"Gemfile.lock","tooltip":"/Group_generator/Gemfile.lock","undoManager":{"mark":-1,"position":-1,"stack":[]},"ace":{"folds":[],"scrolltop":3311.199951171875,"scrollleft":0,"selection":{"start":{"row":0,"column":0},"end":{"row":0,"column":0},"isBackwards":false},"options":{"guessTabSize":true,"useWrapMode":false,"wrapToView":true},"firstLineState":{"row":229,"state":"start","mode":"ace/mode/text"}},"timestamp":1541510565654,"hash":"912e191f25ac6a48ff6b446681b2d4ffc93caf2f"}