{"filter":false,"title":"Gemfile.lock","tooltip":"/Moneybook/Gemfile.lock","undoManager":{"mark":18,"position":18,"stack":[[{"start":{"row":82,"column":12},"end":{"row":82,"column":13},"action":"insert","lines":[">"],"id":2},{"start":{"row":82,"column":13},"end":{"row":82,"column":14},"action":"insert","lines":["="]}],[{"start":{"row":82,"column":14},"end":{"row":82,"column":15},"action":"insert","lines":[" "],"id":3}],[{"start":{"row":82,"column":19},"end":{"row":82,"column":20},"action":"remove","lines":["2"],"id":4}],[{"start":{"row":82,"column":19},"end":{"row":82,"column":20},"action":"insert","lines":["3"],"id":5}],[{"start":{"row":135,"column":13},"end":{"row":135,"column":14},"action":"insert","lines":[">"],"id":6}],[{"start":{"row":135,"column":14},"end":{"row":135,"column":15},"action":"insert","lines":[" "],"id":7}],[{"start":{"row":135,"column":14},"end":{"row":135,"column":15},"action":"remove","lines":[" "],"id":8}],[{"start":{"row":135,"column":14},"end":{"row":135,"column":15},"action":"insert","lines":["="],"id":9}],[{"start":{"row":135,"column":15},"end":{"row":135,"column":16},"action":"insert","lines":[" "],"id":10}],[{"start":{"row":135,"column":20},"end":{"row":135,"column":21},"action":"remove","lines":["1"],"id":11}],[{"start":{"row":135,"column":20},"end":{"row":135,"column":21},"action":"insert","lines":["2"],"id":12}],[{"start":{"row":67,"column":9},"end":{"row":67,"column":10},"action":"insert","lines":[">"],"id":13},{"start":{"row":67,"column":10},"end":{"row":67,"column":11},"action":"insert","lines":["="]}],[{"start":{"row":67,"column":11},"end":{"row":67,"column":12},"action":"insert","lines":[" "],"id":14}],[{"start":{"row":67,"column":17},"end":{"row":67,"column":18},"action":"remove","lines":["3"],"id":15}],[{"start":{"row":67,"column":17},"end":{"row":67,"column":18},"action":"insert","lines":["4"],"id":16}],[{"start":{"row":155,"column":15},"end":{"row":155,"column":16},"action":"insert","lines":[">"],"id":17},{"start":{"row":155,"column":16},"end":{"row":155,"column":17},"action":"insert","lines":["="]}],[{"start":{"row":155,"column":17},"end":{"row":155,"column":18},"action":"insert","lines":[" "],"id":18}],[{"start":{"row":155,"column":22},"end":{"row":155,"column":23},"action":"remove","lines":["1"],"id":19}],[{"start":{"row":155,"column":22},"end":{"row":155,"column":23},"action":"insert","lines":["2"],"id":20}]]},"ace":{"folds":[],"scrolltop":2100,"scrollleft":0,"selection":{"start":{"row":155,"column":23},"end":{"row":155,"column":23},"isBackwards":false},"options":{"guessTabSize":true,"useWrapMode":false,"wrapToView":true},"firstLineState":{"row":144,"state":"start","mode":"ace/mode/text"}},"timestamp":1541652713833,"hash":"521b97a64212baac14317b5a024a475420ee42f7"}